
Microsoft Visual Studio Solution File, Format Version 12.00
# Visual Studio Version 16
VisualStudioVersion = 16.0.30717.126
MinimumVisualStudioVersion = 10.0.40219.1
Project("{9A19103F-16F7-4668-BE54-9A1E7A4F7556}") = "Code Challenge", "Code Challenge.csproj", "{A7E16BFB-43B6-4270-9699-F489DB9F75D5}"
EndProject
Global
	GlobalSection(SolutionConfigurationPlatforms) = preSolution
		Debug|Any CPU = Debug|Any CPU
		Release|Any CPU = Release|Any CPU
	EndGlobalSection
	GlobalSection(ProjectConfigurationPlatforms) = postSolution
		{A7E16BFB-43B6-4270-9699-F489DB9F75D5}.Debug|Any CPU.ActiveCfg = Debug|Any CPU
		{A7E16BFB-43B6-4270-9699-F489DB9F75D5}.Debug|Any CPU.Build.0 = Debug|Any CPU
		{A7E16BFB-43B6-4270-9699-F489DB9F75D5}.Release|Any CPU.ActiveCfg = Release|Any CPU
		{A7E16BFB-43B6-4270-9699-F489DB9F75D5}.Release|Any CPU.Build.0 = Release|Any CPU
	EndGlobalSection
	GlobalSection(SolutionProperties) = preSolution
		HideSolutionNode = FALSE
	EndGlobalSection
	GlobalSection(ExtensibilityGlobals) = postSolution
		SolutionGuid = {ECC5522D-2948-4E97-9A68-7747FDE01A84}
	EndGlobalSection
EndGlobal
